
Microsoft Visual Studio Solution File, Format Version 12.00
Project("{FAE04EC0-301F-11D3-BF4B-00C04F79EFBC}") = "Client", "Client\Client.csproj", "{88033471-EEFA-4FAF-8B32-50C3CA2E6E71}"
EndProject
Global
	GlobalSection(SolutionConfigurationPlatforms) = preSolution
		Debug|Any CPU = Debug|Any CPU
		Release|Any CPU = Release|Any CPU
	EndGlobalSection
	GlobalSection(ProjectConfigurationPlatforms) = postSolution
		{88033471-EEFA-4FAF-8B32-50C3CA2E6E71}.Debug|Any CPU.ActiveCfg = Debug|Any CPU
		{88033471-EEFA-4FAF-8B32-50C3CA2E6E71}.Debug|Any CPU.Build.0 = Debug|Any CPU
		{88033471-EEFA-4FAF-8B32-50C3CA2E6E71}.Release|Any CPU.ActiveCfg = Release|Any CPU
		{88033471-EEFA-4FAF-8B32-50C3CA2E6E71}.Release|Any CPU.Build.0 = Release|Any CPU
	EndGlobalSection
EndGlobal
